
Microsoft Visual Studio Solution File, Format Version 12.00
# Visual Studio Version 16
VisualStudioVersion = 16.0.32106.194
MinimumVisualStudioVersion = 10.0.40219.1
Project("{9A19103F-16F7-4668-BE54-9A1E7A4F7556}") = "CarBuyRentSystem", "CarBuyRentSystem\CarBuyRentSystem.csproj", "{03BE7694-12EF-48BC-B64E-CE328EC560D2}"
EndProject
Project("{9A19103F-16F7-4668-BE54-9A1E7A4F7556}") = "CarBuyRentSystem.Infrastructure", "CarBuyRentSystem.Infrastructure\CarBuyRentSystem.Infrastructure.csproj", "{81C69321-DCD3-4C7D-83F5-E0AFC4500A23}"
EndProject
Project("{9A19103F-16F7-4668-BE54-9A1E7A4F7556}") = "CarBuyRentSystem.Core", "CarBuyRentSystem.Core\CarBuyRentSystem.Core.csproj", "{EA608F26-F4C0-4600-BFE7-15E665E29BF9}"
EndProject
Project("{FAE04EC0-301F-11D3-BF4B-00C04F79EFBC}") = "CarBuyRentSystem.Tests", "CarBuyRentSystem.Tests\CarBuyRentSystem.Tests.csproj", "{682AD2FE-3E5C-4DA2-A76B-5151E5206E24}"
EndProject
Global
	GlobalSection(SolutionConfigurationPlatforms) = preSolution
		Debug|Any CPU = Debug|Any CPU
		Release|Any CPU = Release|Any CPU
	EndGlobalSection
	GlobalSection(ProjectConfigurationPlatforms) = postSolution
		{03BE7694-12EF-48BC-B64E-CE328EC560D2}.Debug|Any CPU.ActiveCfg = Debug|Any CPU
		{03BE7694-12EF-48BC-B64E-CE328EC560D2}.Debug|Any CPU.Build.0 = Debug|Any CPU
		{03BE7694-12EF-48BC-B64E-CE328EC560D2}.Release|Any CPU.ActiveCfg = Release|Any CPU
		{03BE7694-12EF-48BC-B64E-CE328EC560D2}.Release|Any CPU.Build.0 = Release|Any CPU
		{81C69321-DCD3-4C7D-83F5-E0AFC4500A23}.Debug|Any CPU.ActiveCfg = Debug|Any CPU
		{81C69321-DCD3-4C7D-83F5-E0AFC4500A23}.Debug|Any CPU.Build.0 = Debug|Any CPU
		{81C69321-DCD3-4C7D-83F5-E0AFC4500A23}.Release|Any CPU.ActiveCfg = Release|Any CPU
		{81C69321-DCD3-4C7D-83F5-E0AFC4500A23}.Release|Any CPU.Build.0 = Release|Any CPU
		{EA608F26-F4C0-4600-BFE7-15E665E29BF9}.Debug|Any CPU.ActiveCfg = Debug|Any CPU
		{EA608F26-F4C0-4600-BFE7-15E665E29BF9}.Debug|Any CPU.Build.0 = Debug|Any CPU
		{EA608F26-F4C0-4600-BFE7-15E665E29BF9}.Release|Any CPU.ActiveCfg = Release|Any CPU
		{EA608F26-F4C0-4600-BFE7-15E665E29BF9}.Release|Any CPU.Build.0 = Release|Any CPU
		{682AD2FE-3E5C-4DA2-A76B-5151E5206E24}.Debug|Any CPU.ActiveCfg = Debug|Any CPU
		{682AD2FE-3E5C-4DA2-A76B-5151E5206E24}.Debug|Any CPU.Build.0 = Debug|Any CPU
		{682AD2FE-3E5C-4DA2-A76B-5151E5206E24}.Release|Any CPU.ActiveCfg = Release|Any CPU
		{682AD2FE-3E5C-4DA2-A76B-5151E5206E24}.Release|Any CPU.Build.0 = Release|Any CPU
	EndGlobalSection
	GlobalSection(SolutionProperties) = preSolution
		HideSolutionNode = FALSE
	EndGlobalSection
	GlobalSection(ExtensibilityGlobals) = postSolution
		SolutionGuid = {E5F8E04C-112F-40E2-802C-F1E6EB5BA438}
	EndGlobalSection
EndGlobal
