
Microsoft Visual Studio Solution File, Format Version 12.00
# Visual Studio Version 16
VisualStudioVersion = 16.0.32106.194
MinimumVisualStudioVersion = 10.0.40219.1
Project("{FAE04EC0-301F-11D3-BF4B-00C04F79EFBC}") = "CarBuyRentSystem", "CarBuyRentSystem\CarBuyRentSystem.csproj", "{03BE7694-12EF-48BC-B64E-CE328EC560D2}"
EndProject
Global
	GlobalSection(SolutionConfigurationPlatforms) = preSolution
		Debug|Any CPU = Debug|Any CPU
		Release|Any CPU = Release|Any CPU
	EndGlobalSection
	GlobalSection(ProjectConfigurationPlatforms) = postSolution
		{03BE7694-12EF-48BC-B64E-CE328EC560D2}.Debug|Any CPU.ActiveCfg = Debug|Any CPU
		{03BE7694-12EF-48BC-B64E-CE328EC560D2}.Debug|Any CPU.Build.0 = Debug|Any CPU
		{03BE7694-12EF-48BC-B64E-CE328EC560D2}.Release|Any CPU.ActiveCfg = Release|Any CPU
		{03BE7694-12EF-48BC-B64E-CE328EC560D2}.Release|Any CPU.Build.0 = Release|Any CPU
	EndGlobalSection
	GlobalSection(SolutionProperties) = preSolution
		HideSolutionNode = FALSE
	EndGlobalSection
	GlobalSection(ExtensibilityGlobals) = postSolution
		SolutionGuid = {E5F8E04C-112F-40E2-802C-F1E6EB5BA438}
	EndGlobalSection
EndGlobal
